
Microsoft Visual Studio Solution File, Format Version 11.00
# Visual C++ Express 2010
Project("{8BC9CEB8-8B4A-11D0-8D11-00A0C91BC942}") = "objectsi think", "objectsi think\objectsi think.vcxproj", "{7BBE981C-66B0-4CDC-979D-141305959FF9}"
EndProject
Global
	GlobalSection(SolutionConfigurationPlatforms) = preSolution
		Debug|Win32 = Debug|Win32
		Release|Win32 = Release|Win32
	EndGlobalSection
	GlobalSection(ProjectConfigurationPlatforms) = postSolution
		{7BBE981C-66B0-4CDC-979D-141305959FF9}.Debug|Win32.ActiveCfg = Debug|Win32
		{7BBE981C-66B0-4CDC-979D-141305959FF9}.Debug|Win32.Build.0 = Debug|Win32
		{7BBE981C-66B0-4CDC-979D-141305959FF9}.Release|Win32.ActiveCfg = Release|Win32
		{7BBE981C-66B0-4CDC-979D-141305959FF9}.Release|Win32.Build.0 = Release|Win32
	EndGlobalSection
	GlobalSection(SolutionProperties) = preSolution
		HideSolutionNode = FALSE
	EndGlobalSection
EndGlobal
