
Microsoft Visual Studio Solution File, Format Version 11.00
# Visual C++ Express 2010
Project("{8BC9CEB8-8B4A-11D0-8D11-00A0C91BC942}") = "While loops notes 3", "While loops notes 3\While loops notes 3.vcxproj", "{726A9DB7-9930-4C0F-9DBE-E6E4AA1FD282}"
EndProject
Global
	GlobalSection(SolutionConfigurationPlatforms) = preSolution
		Debug|Win32 = Debug|Win32
		Release|Win32 = Release|Win32
	EndGlobalSection
	GlobalSection(ProjectConfigurationPlatforms) = postSolution
		{726A9DB7-9930-4C0F-9DBE-E6E4AA1FD282}.Debug|Win32.ActiveCfg = Debug|Win32
		{726A9DB7-9930-4C0F-9DBE-E6E4AA1FD282}.Debug|Win32.Build.0 = Debug|Win32
		{726A9DB7-9930-4C0F-9DBE-E6E4AA1FD282}.Release|Win32.ActiveCfg = Release|Win32
		{726A9DB7-9930-4C0F-9DBE-E6E4AA1FD282}.Release|Win32.Build.0 = Release|Win32
	EndGlobalSection
	GlobalSection(SolutionProperties) = preSolution
		HideSolutionNode = FALSE
	EndGlobalSection
EndGlobal
