
Microsoft Visual Studio Solution File, Format Version 11.00
# Visual C++ Express 2010
Project("{8BC9CEB8-8B4A-11D0-8D11-00A0C91BC942}") = "Notes 3", "Notes 3\Notes 3.vcxproj", "{1D96DBE3-41F2-40D2-B478-64223F74EB24}"
EndProject
Global
	GlobalSection(SolutionConfigurationPlatforms) = preSolution
		Debug|Win32 = Debug|Win32
		Release|Win32 = Release|Win32
	EndGlobalSection
	GlobalSection(ProjectConfigurationPlatforms) = postSolution
		{1D96DBE3-41F2-40D2-B478-64223F74EB24}.Debug|Win32.ActiveCfg = Debug|Win32
		{1D96DBE3-41F2-40D2-B478-64223F74EB24}.Debug|Win32.Build.0 = Debug|Win32
		{1D96DBE3-41F2-40D2-B478-64223F74EB24}.Release|Win32.ActiveCfg = Release|Win32
		{1D96DBE3-41F2-40D2-B478-64223F74EB24}.Release|Win32.Build.0 = Release|Win32
	EndGlobalSection
	GlobalSection(SolutionProperties) = preSolution
		HideSolutionNode = FALSE
	EndGlobalSection
EndGlobal
